{
  "nodes": {
    "chat-vm": {
      "inputs": {
        "microvm": "microvm",
        "nixpkgs": "nixpkgs"
      },
      "locked": {
        "path": "./vms/chat",
        "type": "path"
      },
      "original": {
        "path": "./vms/chat",
        "type": "path"
      },
      "parent": []
    },
    "flake-utils": {
      "inputs": {
        "systems": "systems"
      },
      "locked": {
        "lastModified": 1731533236,
        "narHash": "sha256-l0KFg5HjrsfsO/JpG+r7fRrqm12kzFHyUHqHCVpMMbI=",
        "owner": "numtide",
        "repo": "flake-utils",
        "rev": "11707dc2f618dd54ca8739b309ec4fc024de578b",
        "type": "github"
      },
      "original": {
        "owner": "numtide",
        "repo": "flake-utils",
        "type": "github"
      }
    },
    "flake-utils_2": {
      "inputs": {
        "systems": "systems_2"
      },
      "locked": {
        "lastModified": 1731533236,
        "narHash": "sha256-l0KFg5HjrsfsO/JpG+r7fRrqm12kzFHyUHqHCVpMMbI=",
        "owner": "numtide",
        "repo": "flake-utils",
        "rev": "11707dc2f618dd54ca8739b309ec4fc024de578b",
        "type": "github"
      },
      "original": {
        "owner": "numtide",
        "repo": "flake-utils",
        "type": "github"
      }
    },
    "flake-utils_3": {
      "inputs": {
        "systems": "systems_3"
      },
      "locked": {
        "lastModified": 1731533236,
        "narHash": "sha256-l0KFg5HjrsfsO/JpG+r7fRrqm12kzFHyUHqHCVpMMbI=",
        "owner": "numtide",
        "repo": "flake-utils",
        "rev": "11707dc2f618dd54ca8739b309ec4fc024de578b",
        "type": "github"
      },
      "original": {
        "owner": "numtide",
        "repo": "flake-utils",
        "type": "github"
      }
    },
    "flake-utils_4": {
      "inputs": {
        "systems": "systems_4"
      },
      "locked": {
        "lastModified": 1731533236,
        "narHash": "sha256-l0KFg5HjrsfsO/JpG+r7fRrqm12kzFHyUHqHCVpMMbI=",
        "owner": "numtide",
        "repo": "flake-utils",
        "rev": "11707dc2f618dd54ca8739b309ec4fc024de578b",
        "type": "github"
      },
      "original": {
        "owner": "numtide",
        "repo": "flake-utils",
        "type": "github"
      }
    },
    "flake-utils_5": {
      "inputs": {
        "systems": "systems_5"
      },
      "locked": {
        "lastModified": 1731533236,
        "narHash": "sha256-l0KFg5HjrsfsO/JpG+r7fRrqm12kzFHyUHqHCVpMMbI=",
        "owner": "numtide",
        "repo": "flake-utils",
        "rev": "11707dc2f618dd54ca8739b309ec4fc024de578b",
        "type": "github"
      },
      "original": {
        "owner": "numtide",
        "repo": "flake-utils",
        "type": "github"
      }
    },
    "flake-utils_6": {
      "inputs": {
        "systems": "systems_6"
      },
      "locked": {
        "lastModified": 1731533236,
        "narHash": "sha256-l0KFg5HjrsfsO/JpG+r7fRrqm12kzFHyUHqHCVpMMbI=",
        "owner": "numtide",
        "repo": "flake-utils",
        "rev": "11707dc2f618dd54ca8739b309ec4fc024de578b",
        "type": "github"
      },
      "original": {
        "owner": "numtide",
        "repo": "flake-utils",
        "type": "github"
      }
    },
    "home-manager": {
      "inputs": {
        "nixpkgs": [
          "nixpkgs"
        ]
      },
      "locked": {
        "lastModified": 1763869804,
        "narHash": "sha256-2lw+MnkrnygEyUl+3qZjnlCCJF/kJ57GUtYkAQPfLDA=",
        "owner": "nix-community",
        "repo": "home-manager",
        "rev": "04c27d743d069cad58f9707ee8e165c471b1c7cd",
        "type": "github"
      },
      "original": {
        "owner": "nix-community",
        "repo": "home-manager",
        "type": "github"
      }
    },
    "home-manager_2": {
      "inputs": {
        "nixpkgs": [
          "hydenix",
          "nixpkgs"
        ]
      },
      "locked": {
        "lastModified": 1763845215,
        "narHash": "sha256-8W4YByiS3zxwcdDR2sABm1nUCSOEXJwdY/XddRTVjWM=",
        "owner": "nix-community",
        "repo": "home-manager",
        "rev": "9a5042a88caea9b729a1d3bc981069159de4fc49",
        "type": "github"
      },
      "original": {
        "owner": "nix-community",
        "repo": "home-manager",
        "type": "github"
      }
    },
    "hyde": {
      "flake": false,
      "locked": {
        "lastModified": 1761746426,
        "narHash": "sha256-9Z045RQIvLR8uY4RQsW8C+aMG5kljY5ZvROVNnTbtkY=",
        "owner": "HyDE-Project",
        "repo": "HyDE",
        "rev": "be97b8b4db232bfffc9b74fd27ba90a3457b9354",
        "type": "github"
      },
      "original": {
        "owner": "HyDE-Project",
        "repo": "HyDE",
        "rev": "be97b8b4db232bfffc9b74fd27ba90a3457b9354",
        "type": "github"
      }
    },
    "hyde-config": {
      "inputs": {
        "nixpkgs": [
          "hydenix",
          "nixpkgs"
        ]
      },
      "locked": {
        "lastModified": 1754889600,
        "narHash": "sha256-kn35QcO7OxZxcYyaZNxQ4tBsLdeSi1u2kbWdPg/pky0=",
        "owner": "richen604",
        "repo": "hyde-config",
        "rev": "59dc0659e0cfb72552616553f5b2635cf40c2184",
        "type": "github"
      },
      "original": {
        "owner": "richen604",
        "repo": "hyde-config",
        "type": "github"
      }
    },
    "hyde-ipc": {
      "inputs": {
        "nixpkgs": [
          "hydenix",
          "nixpkgs"
        ],
        "rust-overlay": "rust-overlay"
      },
      "locked": {
        "lastModified": 1762476031,
        "narHash": "sha256-cyCRPPqpSwjh4XN2RzCmlpOMBC2p9/GP4CCdBCS9Rww=",
        "owner": "richen604",
        "repo": "hyde-ipc",
        "rev": "324839b4b4d45ed2760e4fca6a796a47a0704b2a",
        "type": "github"
      },
      "original": {
        "owner": "richen604",
        "repo": "hyde-ipc",
        "type": "github"
      }
    },
    "hydectl": {
      "inputs": {
        "nixpkgs": [
          "hydenix",
          "nixpkgs"
        ]
      },
      "locked": {
        "lastModified": 1755057332,
        "narHash": "sha256-TVLjDL4+SdoXJrNu5TLiUSDD73CdVWfAn3aE2c4aShg=",
        "owner": "richen604",
        "repo": "hydectl",
        "rev": "a19610347de2230175e5d8807584db65d0588134",
        "type": "github"
      },
      "original": {
        "owner": "richen604",
        "repo": "hydectl",
        "type": "github"
      }
    },
    "hydenix": {
      "inputs": {
        "home-manager": "home-manager_2",
        "hyde": "hyde",
        "hyde-config": "hyde-config",
        "hyde-ipc": "hyde-ipc",
        "hydectl": "hydectl",
        "hyq": "hyq",
        "nix-index-database": "nix-index-database",
        "nixos-hardware": "nixos-hardware",
        "nixpkgs": "nixpkgs_3"
      },
      "locked": {
        "lastModified": 1763857834,
        "narHash": "sha256-QzvIL2YBRaF4/YCtWhQgSMEry1eBIzZUTfN7l9O2zRw=",
        "owner": "richen604",
        "repo": "hydenix",
        "rev": "f47e7d57e6c8f0e7ce60735e975392c762376a4a",
        "type": "github"
      },
      "original": {
        "owner": "richen604",
        "repo": "hydenix",
        "type": "github"
      }
    },
    "hyq": {
      "inputs": {
        "flake-utils": "flake-utils_2",
        "nixpkgs": [
          "hydenix",
          "nixpkgs"
        ]
      },
      "locked": {
        "lastModified": 1758587209,
        "narHash": "sha256-fcsxLi/1MMNZvyaQ3LZEtIgSe2UMqg/4Ghj0rYszFdM=",
        "owner": "richen604",
        "repo": "hyprquery",
        "rev": "a2934ca4a551b130c3e3076990774d17678a1b4e",
        "type": "github"
      },
      "original": {
        "owner": "richen604",
        "repo": "hyprquery",
        "type": "github"
      }
    },
    "irc-vm": {
      "inputs": {
        "microvm": "microvm_2",
        "nixpkgs": "nixpkgs_4"
      },
      "locked": {
        "path": "./vms/irc",
        "type": "path"
      },
      "original": {
        "path": "./vms/irc",
        "type": "path"
      },
      "parent": []
    },
    "microvm": {
      "inputs": {
        "flake-utils": "flake-utils",
        "nixpkgs": [
          "chat-vm",
          "nixpkgs"
        ],
        "spectrum": "spectrum"
      },
      "locked": {
        "lastModified": 1764025263,
        "narHash": "sha256-eoDUO0WYzfHwKnlDtNT0+zvdwRzOtVYNkd09oRjiXzE=",
        "owner": "astro",
        "repo": "microvm.nix",
        "rev": "9349244757df337616a1a44e75104d0ae08a7488",
        "type": "github"
      },
      "original": {
        "owner": "astro",
        "repo": "microvm.nix",
        "type": "github"
      }
    },
    "microvm_2": {
      "inputs": {
        "flake-utils": "flake-utils_3",
        "nixpkgs": [
          "irc-vm",
          "nixpkgs"
        ],
        "spectrum": "spectrum_2"
      },
      "locked": {
        "lastModified": 1760574296,
        "narHash": "sha256-S3gIp6Wd9vQ2RYDxcbHM2CIYgDtogbwzSdu38WABKaQ=",
        "owner": "astro",
        "repo": "microvm.nix",
        "rev": "42628f7c61b02d385ce2cb1f66f9be333ac20140",
        "type": "github"
      },
      "original": {
        "owner": "astro",
        "repo": "microvm.nix",
        "type": "github"
      }
    },
    "microvm_3": {
      "inputs": {
        "flake-utils": "flake-utils_4",
        "nixpkgs": [
          "nixpkgs"
        ],
        "spectrum": "spectrum_3"
      },
      "locked": {
        "lastModified": 1763864859,
        "narHash": "sha256-LevKM+WWayw2kQuZqj38VUNFtlJNm4b3jbK47litZpY=",
        "owner": "microvm-nix",
        "repo": "microvm.nix",
        "rev": "fa89701287bdb0bc51f989b0c67fa70691ed7b5f",
        "type": "github"
      },
      "original": {
        "owner": "microvm-nix",
        "repo": "microvm.nix",
        "type": "github"
      }
    },
    "microvm_4": {
      "inputs": {
        "flake-utils": "flake-utils_5",
        "nixpkgs": [
          "nvim-vm",
          "nixpkgs"
        ],
        "spectrum": "spectrum_4"
      },
      "locked": {
        "lastModified": 1763928900,
        "narHash": "sha256-4+5LVMFWSUppY5yvFFdV+T8Lc/rgSYEGx38/9Y20+EI=",
        "owner": "astro",
        "repo": "microvm.nix",
        "rev": "e3e222005b29a78f85128573f3c6f09a11270c91",
        "type": "github"
      },
      "original": {
        "owner": "astro",
        "repo": "microvm.nix",
        "type": "github"
      }
    },
    "nix-index-database": {
      "inputs": {
        "nixpkgs": [
          "hydenix",
          "nixpkgs"
        ]
      },
      "locked": {
        "lastModified": 1763265660,
        "narHash": "sha256-Ad9Rd3ZAidrH01xP73S3CjPiyXo7ywZs3uCESjPwUdc=",
        "owner": "nix-community",
        "repo": "nix-index-database",
        "rev": "469ef53571ea80890c9497952787920c79c1ee6e",
        "type": "github"
      },
      "original": {
        "owner": "nix-community",
        "repo": "nix-index-database",
        "type": "github"
      }
    },
    "nixos-hardware": {
      "locked": {
        "lastModified": 1762847253,
        "narHash": "sha256-BWWnUUT01lPwCWUvS0p6Px5UOBFeXJ8jR+ZdLX8IbrU=",
        "owner": "nixos",
        "repo": "nixos-hardware",
        "rev": "899dc449bc6428b9ee6b3b8f771ca2b0ef945ab9",
        "type": "github"
      },
      "original": {
        "owner": "nixos",
        "ref": "master",
        "repo": "nixos-hardware",
        "type": "github"
      }
    },
    "nixos-hardware_2": {
      "locked": {
        "lastModified": 1762847253,
        "narHash": "sha256-BWWnUUT01lPwCWUvS0p6Px5UOBFeXJ8jR+ZdLX8IbrU=",
        "owner": "nixos",
        "repo": "nixos-hardware",
        "rev": "899dc449bc6428b9ee6b3b8f771ca2b0ef945ab9",
        "type": "github"
      },
      "original": {
        "owner": "nixos",
        "ref": "master",
        "repo": "nixos-hardware",
        "type": "github"
      }
    },
    "nixpkgs": {
      "locked": {
        "lastModified": 1764474957,
        "narHash": "sha256-RCNYRb7zHt+qycQwfTD/Zxnbd4Sxi2fgvkeAljtLEOs=",
        "owner": "NixOS",
        "repo": "nixpkgs",
        "rev": "890f57fde071de281cd0e950cd80ea3e1ab55e75",
        "type": "github"
      },
      "original": {
        "id": "nixpkgs",
        "type": "indirect"
      }
    },
    "nixpkgs_2": {
      "locked": {
        "lastModified": 1744536153,
        "narHash": "sha256-awS2zRgF4uTwrOKwwiJcByDzDOdo3Q1rPZbiHQg/N38=",
        "owner": "NixOS",
        "repo": "nixpkgs",
        "rev": "18dd725c29603f582cf1900e0d25f9f1063dbf11",
        "type": "github"
      },
      "original": {
        "owner": "NixOS",
        "ref": "nixpkgs-unstable",
        "repo": "nixpkgs",
        "type": "github"
      }
    },
    "nixpkgs_3": {
      "locked": {
        "lastModified": 1763678758,
        "narHash": "sha256-+hBiJ+kG5IoffUOdlANKFflTT5nO3FrrR2CA3178Y5s=",
        "owner": "nixos",
        "repo": "nixpkgs",
        "rev": "117cc7f94e8072499b0a7aa4c52084fa4e11cc9b",
        "type": "github"
      },
      "original": {
        "owner": "nixos",
        "repo": "nixpkgs",
        "rev": "117cc7f94e8072499b0a7aa4c52084fa4e11cc9b",
        "type": "github"
      }
    },
    "nixpkgs_4": {
      "locked": {
        "lastModified": 1760596604,
        "narHash": "sha256-J/i5K6AAz/y5dBePHQOuzC7MbhyTOKsd/GLezSbEFiM=",
        "owner": "NixOS",
        "repo": "nixpkgs",
        "rev": "3cbe716e2346710d6e1f7c559363d14e11c32a43",
        "type": "github"
      },
      "original": {
        "id": "nixpkgs",
        "type": "indirect"
      }
    },
    "nixpkgs_5": {
      "locked": {
        "lastModified": 1763678758,
        "narHash": "sha256-+hBiJ+kG5IoffUOdlANKFflTT5nO3FrrR2CA3178Y5s=",
        "owner": "nixos",
        "repo": "nixpkgs",
        "rev": "117cc7f94e8072499b0a7aa4c52084fa4e11cc9b",
        "type": "github"
      },
      "original": {
        "owner": "nixos",
        "ref": "nixos-unstable",
        "repo": "nixpkgs",
        "type": "github"
      }
    },
    "nixpkgs_6": {
      "locked": {
        "lastModified": 1763806073,
        "narHash": "sha256-FHsEKDvfWpzdADWj99z7vBk4D716Ujdyveo5+A048aI=",
        "owner": "NixOS",
        "repo": "nixpkgs",
        "rev": "878e468e02bfabeda08c79250f7ad583037f2227",
        "type": "github"
      },
      "original": {
        "id": "nixpkgs",
        "type": "indirect"
      }
    },
    "nixpkgs_7": {
      "locked": {
        "lastModified": 1762286042,
        "narHash": "sha256-OD5HsZ+sN7VvNucbrjiCz7CHF5zf9gP51YVJvPwYIH8=",
        "owner": "NixOS",
        "repo": "nixpkgs",
        "rev": "12c1f0253aa9a54fdf8ec8aecaafada64a111e24",
        "type": "github"
      },
      "original": {
        "owner": "NixOS",
        "ref": "nixpkgs-unstable",
        "repo": "nixpkgs",
        "type": "github"
      }
    },
    "nvim-vm": {
      "inputs": {
        "microvm": "microvm_4",
        "nixpkgs": "nixpkgs_6"
      },
      "locked": {
        "path": "./vms/nvim",
        "type": "path"
      },
      "original": {
        "path": "./vms/nvim",
        "type": "path"
      },
      "parent": []
    },
    "root": {
      "inputs": {
        "chat-vm": "chat-vm",
        "home-manager": "home-manager",
        "hydenix": "hydenix",
        "irc-vm": "irc-vm",
        "microvm": "microvm_3",
        "nixos-hardware": "nixos-hardware_2",
        "nixpkgs": "nixpkgs_5",
        "nvim-vm": "nvim-vm",
        "yazi": "yazi"
      }
    },
    "rust-overlay": {
      "inputs": {
        "nixpkgs": "nixpkgs_2"
      },
      "locked": {
        "lastModified": 1762396738,
        "narHash": "sha256-BarSecuxtzp1boERdABLkkoxQTi6s/V33lJwUbWLrLY=",
        "owner": "oxalica",
        "repo": "rust-overlay",
        "rev": "c63598992afd54d215d54f2b764adc0484c2b159",
        "type": "github"
      },
      "original": {
        "owner": "oxalica",
        "repo": "rust-overlay",
        "type": "github"
      }
    },
    "rust-overlay_2": {
      "inputs": {
        "nixpkgs": [
          "yazi",
          "nixpkgs"
        ]
      },
      "locked": {
        "lastModified": 1762396738,
        "narHash": "sha256-BarSecuxtzp1boERdABLkkoxQTi6s/V33lJwUbWLrLY=",
        "owner": "oxalica",
        "repo": "rust-overlay",
        "rev": "c63598992afd54d215d54f2b764adc0484c2b159",
        "type": "github"
      },
      "original": {
        "owner": "oxalica",
        "repo": "rust-overlay",
        "type": "github"
      }
    },
    "spectrum": {
      "flake": false,
      "locked": {
        "lastModified": 1759482047,
        "narHash": "sha256-H1wiXRQHxxPyMMlP39ce3ROKCwI5/tUn36P8x6dFiiQ=",
        "ref": "refs/heads/main",
        "rev": "c5d5786d3dc938af0b279c542d1e43bce381b4b9",
        "revCount": 996,
        "type": "git",
        "url": "https://spectrum-os.org/git/spectrum"
      },
      "original": {
        "type": "git",
        "url": "https://spectrum-os.org/git/spectrum"
      }
    },
    "spectrum_2": {
      "flake": false,
      "locked": {
        "lastModified": 1759482047,
        "narHash": "sha256-H1wiXRQHxxPyMMlP39ce3ROKCwI5/tUn36P8x6dFiiQ=",
        "ref": "refs/heads/main",
        "rev": "c5d5786d3dc938af0b279c542d1e43bce381b4b9",
        "revCount": 996,
        "type": "git",
        "url": "https://spectrum-os.org/git/spectrum"
      },
      "original": {
        "type": "git",
        "url": "https://spectrum-os.org/git/spectrum"
      }
    },
    "spectrum_3": {
      "flake": false,
      "locked": {
        "lastModified": 1759482047,
        "narHash": "sha256-H1wiXRQHxxPyMMlP39ce3ROKCwI5/tUn36P8x6dFiiQ=",
        "ref": "refs/heads/main",
        "rev": "c5d5786d3dc938af0b279c542d1e43bce381b4b9",
        "revCount": 996,
        "type": "git",
        "url": "https://spectrum-os.org/git/spectrum"
      },
      "original": {
        "type": "git",
        "url": "https://spectrum-os.org/git/spectrum"
      }
    },
    "spectrum_4": {
      "flake": false,
      "locked": {
        "lastModified": 1759482047,
        "narHash": "sha256-H1wiXRQHxxPyMMlP39ce3ROKCwI5/tUn36P8x6dFiiQ=",
        "ref": "refs/heads/main",
        "rev": "c5d5786d3dc938af0b279c542d1e43bce381b4b9",
        "revCount": 996,
        "type": "git",
        "url": "https://spectrum-os.org/git/spectrum"
      },
      "original": {
        "type": "git",
        "url": "https://spectrum-os.org/git/spectrum"
      }
    },
    "systems": {
      "locked": {
        "lastModified": 1681028828,
        "narHash": "sha256-Vy1rq5AaRuLzOxct8nz4T6wlgyUR7zLU309k9mBC768=",
        "owner": "nix-systems",
        "repo": "default",
        "rev": "da67096a3b9bf56a91d16901293e51ba5b49a27e",
        "type": "github"
      },
      "original": {
        "owner": "nix-systems",
        "repo": "default",
        "type": "github"
      }
    },
    "systems_2": {
      "locked": {
        "lastModified": 1681028828,
        "narHash": "sha256-Vy1rq5AaRuLzOxct8nz4T6wlgyUR7zLU309k9mBC768=",
        "owner": "nix-systems",
        "repo": "default",
        "rev": "da67096a3b9bf56a91d16901293e51ba5b49a27e",
        "type": "github"
      },
      "original": {
        "owner": "nix-systems",
        "repo": "default",
        "type": "github"
      }
    },
    "systems_3": {
      "locked": {
        "lastModified": 1681028828,
        "narHash": "sha256-Vy1rq5AaRuLzOxct8nz4T6wlgyUR7zLU309k9mBC768=",
        "owner": "nix-systems",
        "repo": "default",
        "rev": "da67096a3b9bf56a91d16901293e51ba5b49a27e",
        "type": "github"
      },
      "original": {
        "owner": "nix-systems",
        "repo": "default",
        "type": "github"
      }
    },
    "systems_4": {
      "locked": {
        "lastModified": 1681028828,
        "narHash": "sha256-Vy1rq5AaRuLzOxct8nz4T6wlgyUR7zLU309k9mBC768=",
        "owner": "nix-systems",
        "repo": "default",
        "rev": "da67096a3b9bf56a91d16901293e51ba5b49a27e",
        "type": "github"
      },
      "original": {
        "owner": "nix-systems",
        "repo": "default",
        "type": "github"
      }
    },
    "systems_5": {
      "locked": {
        "lastModified": 1681028828,
        "narHash": "sha256-Vy1rq5AaRuLzOxct8nz4T6wlgyUR7zLU309k9mBC768=",
        "owner": "nix-systems",
        "repo": "default",
        "rev": "da67096a3b9bf56a91d16901293e51ba5b49a27e",
        "type": "github"
      },
      "original": {
        "owner": "nix-systems",
        "repo": "default",
        "type": "github"
      }
    },
    "systems_6": {
      "locked": {
        "lastModified": 1681028828,
        "narHash": "sha256-Vy1rq5AaRuLzOxct8nz4T6wlgyUR7zLU309k9mBC768=",
        "owner": "nix-systems",
        "repo": "default",
        "rev": "da67096a3b9bf56a91d16901293e51ba5b49a27e",
        "type": "github"
      },
      "original": {
        "owner": "nix-systems",
        "repo": "default",
        "type": "github"
      }
    },
    "yazi": {
      "inputs": {
        "flake-utils": "flake-utils_6",
        "nixpkgs": "nixpkgs_7",
        "rust-overlay": "rust-overlay_2"
      },
      "locked": {
        "lastModified": 1763600401,
        "narHash": "sha256-druDd9HC3UxZSzCY+qaFp9QDCGfzrhv+Zrytia6lJUE=",
        "owner": "sxyazi",
        "repo": "yazi",
        "rev": "a08b345a02c6b4c65239a0522f67e77a0132e88b",
        "type": "github"
      },
      "original": {
        "owner": "sxyazi",
        "repo": "yazi",
        "type": "github"
      }
    }
  },
  "root": "root",
  "version": 7
}
